
Microsoft Visual Studio Solution File, Format Version 12.00
# Visual Studio Version 17
VisualStudioVersion = 17.8.34525.116
MinimumVisualStudioVersion = 10.0.40219.1
Project("{8BC9CEB8-8B4A-11D0-8D11-00A0C91BC942}") = "C++ const functions (const correctness)", "C++ const functions (const correctness)\C++ const functions (const correctness).vcxproj", "{285297FD-CFC0-4464-A078-B7F553ED1EBA}"
EndProject
Global
	GlobalSection(SolutionConfigurationPlatforms) = preSolution
		Debug|x64 = Debug|x64
		Debug|x86 = Debug|x86
		Release|x64 = Release|x64
		Release|x86 = Release|x86
	EndGlobalSection
	GlobalSection(ProjectConfigurationPlatforms) = postSolution
		{285297FD-CFC0-4464-A078-B7F553ED1EBA}.Debug|x64.ActiveCfg = Debug|x64
		{285297FD-CFC0-4464-A078-B7F553ED1EBA}.Debug|x64.Build.0 = Debug|x64
		{285297FD-CFC0-4464-A078-B7F553ED1EBA}.Debug|x86.ActiveCfg = Debug|Win32
		{285297FD-CFC0-4464-A078-B7F553ED1EBA}.Debug|x86.Build.0 = Debug|Win32
		{285297FD-CFC0-4464-A078-B7F553ED1EBA}.Release|x64.ActiveCfg = Release|x64
		{285297FD-CFC0-4464-A078-B7F553ED1EBA}.Release|x64.Build.0 = Release|x64
		{285297FD-CFC0-4464-A078-B7F553ED1EBA}.Release|x86.ActiveCfg = Release|Win32
		{285297FD-CFC0-4464-A078-B7F553ED1EBA}.Release|x86.Build.0 = Release|Win32
	EndGlobalSection
	GlobalSection(SolutionProperties) = preSolution
		HideSolutionNode = FALSE
	EndGlobalSection
	GlobalSection(ExtensibilityGlobals) = postSolution
		SolutionGuid = {206BB92A-1AD1-4249-80C3-65469CCCB87D}
	EndGlobalSection
EndGlobal
